github.com/go-json-experiment/json v0.0.0-20260623181947-01eb4420fa68 h1:KZaTBSyshWX3MP5jukJcNSuXDQTO+rNpt0J564dX/eg=
github.com/go-json-experiment/json v0.0.0-20260623181947-01eb4420fa68/go.mod h1:tphK2c80bpPhMOI4v6bIc2xWywPfbqi1Z06+RcrMkDg=
github.com/zeebo/xxh3 v1.1.0 h1:s7DLGDK45Dyfg7++yxI0khrfwq9661w9EN78eP/UZVs=
github.com/zeebo/xxh3 v1.1.0/go.mod h1:IisAie1LELR4xhVinxWS5+zf1lA4p0MW4T+w+W07F5s=
golang.org/x/sync v0.21.0 h1:HLII4xRRTtCRkxYp4HNFF0Js/Og6q2i++KXbg0gHCwM=
golang.org/x/sync v0.21.0/go.mod h1:9xrNwdLfx4jkKbNva9FpL6vEN7evnE43NNNJQ2LF3+0=
golang.org/x/text v0.38.0 h1:sXmwo9DwP3OK9EZ7PqAdaooSGozfl/3a6/xJcbzPRhE=
golang.org/x/text v0.38.0/go.mod h1:YXZt3QhHUKYT53r2lLKFIVi6Ao1jdzrTR/KQ09qyxF4=
